// !$*UTF8*$!
{
	archiveVersion = 1;
	classes = {
	};
	objectVersion = 55;
	objects = {

/* Begin PBXBuildFile section */
		E13A291D7D5EFD7A0B554EF1 /* Pods_Amneen.framework in Frameworks */ = {isa = PBXBuildFile; fileRef = 7B2F09203A560BB157F6DB21 /* Pods_Amneen.framework */; };
		FA3ABD7A277F9EA100E88FD4 /* Model.swift in Sources */ = {isa = PBXBuildFile; fileRef = FA3ABD79277F9EA000E88FD4 /* Model.swift */; };
		FA3ABD7C277F9EA900E88FD4 /* Cities.swift in Sources */ = {isa = PBXBuildFile; fileRef = FA3ABD7B277F9EA900E88FD4 /* Cities.swift */; };
		FA3ABD7E277F9EB200E88FD4 /* Hotels.swift in Sources */ = {isa = PBXBuildFile; fileRef = FA3ABD7D277F9EB200E88FD4 /* Hotels.swift */; };
		FA3ABD80277F9EB900E88FD4 /* Renter.swift in Sources */ = {isa = PBXBuildFile; fileRef = FA3ABD7F277F9EB900E88FD4 /* Renter.swift */; };
		FA3ABD82277F9EC200E88FD4 /* RenterInfo.swift in Sources */ = {isa = PBXBuildFile; fileRef = FA3ABD81277F9EC100E88FD4 /* RenterInfo.swift */; };
		FA3ABD84277F9EC900E88FD4 /* RenterService.swift in Sources */ = {isa = PBXBuildFile; fileRef = FA3ABD83277F9EC900E88FD4 /* RenterService.swift */; };
		FA3ABD86277F9EDF00E88FD4 /* NewRenter.swift in Sources */ = {isa = PBXBuildFile; fileRef = FA3ABD85277F9EDF00E88FD4 /* NewRenter.swift */; };
		FA3ABD88277F9EEF00E88FD4 /* BannedRenters.swift in Sources */ = {isa = PBXBuildFile; fileRef = FA3ABD87277F9EEE00E88FD4 /* BannedRenters.swift */; };
		FA3ABD8A277F9EF600E88FD4 /* LeavingRenters.swift in Sources */ = {isa = PBXBuildFile; fileRef = FA3ABD89277F9EF600E88FD4 /* LeavingRenters.swift */; };
		FA3ABD8C277F9EFF00E88FD4 /* LeavingService.swift in Sources */ = {isa = PBXBuildFile; fileRef = FA3ABD8B277F9EFE00E88FD4 /* LeavingService.swift */; };
		FA3ABD8E277F9F0B00E88FD4 /* ReportService.swift in Sources */ = {isa = PBXBuildFile; fileRef = FA3ABD8D277F9F0A00E88FD4 /* ReportService.swift */; };
		FA3ABD90277F9F1300E88FD4 /* ReportRenterService.swift in Sources */ = {isa = PBXBuildFile; fileRef = FA3ABD8F277F9F1300E88FD4 /* ReportRenterService.swift */; };
		FA3ABD92277F9F1900E88FD4 /* Reports.swift in Sources */ = {isa = PBXBuildFile; fileRef = FA3ABD91277F9F1900E88FD4 /* Reports.swift */; };
		FA3ABD94277F9F2000E88FD4 /* ReportRenters.swift in Sources */ = {isa = PBXBuildFile; fileRef = FA3ABD93277F9F2000E88FD4 /* ReportRenters.swift */; };
		FA3ABD96277F9F2C00E88FD4 /* List.swift in Sources */ = {isa = PBXBuildFile; fileRef = FA3ABD95277F9F2C00E88FD4 /* List.swift */; };
		FA3ABD98277F9F3500E88FD4 /* AddNewC.swift in Sources */ = {isa = PBXBuildFile; fileRef = FA3ABD97277F9F3400E88FD4 /* AddNewC.swift */; };
		FA3ABD9A277F9F3B00E88FD4 /* ListService.swift in Sources */ = {isa = PBXBuildFile; fileRef = FA3ABD99277F9F3B00E88FD4 /* ListService.swift */; };
		FA3ABD9C277F9F4700E88FD4 /* AppHInfo.swift in Sources */ = {isa = PBXBuildFile; fileRef = FA3ABD9B277F9F4700E88FD4 /* AppHInfo.swift */; };
		FA3ABD9E277F9F4E00E88FD4 /* AppSInfo.swift in Sources */ = {isa = PBXBuildFile; fileRef = FA3ABD9D277F9F4D00E88FD4 /* AppSInfo.swift */; };
		FA3ABDA0277F9F5A00E88FD4 /* AppUInfo.swift in Sources */ = {isa = PBXBuildFile; fileRef = FA3ABD9F277F9F5900E88FD4 /* AppUInfo.swift */; };
		FA3ABDA2277F9F6300E88FD4 /* HotelContainer.swift in Sources */ = {isa = PBXBuildFile; fileRef = FA3ABDA1277F9F6300E88FD4 /* HotelContainer.swift */; };
		FA3ABDA4277F9F6B00E88FD4 /* HotelMenu.swift in Sources */ = {isa = PBXBuildFile; fileRef = FA3ABDA3277F9F6B00E88FD4 /* HotelMenu.swift */; };
		FA3ABDA6277F9F7400E88FD4 /* HotelHome.swift in Sources */ = {isa = PBXBuildFile; fileRef = FA3ABDA5277F9F7400E88FD4 /* HotelHome.swift */; };
		FA3ABDA8277F9F7D00E88FD4 /* SecurityContainer.swift in Sources */ = {isa = PBXBuildFile; fileRef = FA3ABDA7277F9F7C00E88FD4 /* SecurityContainer.swift */; };
		FA3ABDAA277F9F8200E88FD4 /* SecurityMenu.swift in Sources */ = {isa = PBXBuildFile; fileRef = FA3ABDA9277F9F8200E88FD4 /* SecurityMenu.swift */; };
		FA3ABDAC277F9F8B00E88FD4 /* SecurityHome.swift in Sources */ = {isa = PBXBuildFile; fileRef = FA3ABDAB277F9F8A00E88FD4 /* SecurityHome.swift */; };
		FA3ABDAE277F9F9200E88FD4 /* Profile.swift in Sources */ = {isa = PBXBuildFile; fileRef = FA3ABDAD277F9F9100E88FD4 /* Profile.swift */; };
		FA3ABDB0277F9F9B00E88FD4 /* CentersLocations.swift in Sources */ = {isa = PBXBuildFile; fileRef = FA3ABDAF277F9F9B00E88FD4 /* CentersLocations.swift */; };
		FA3ABDB2277F9FA400E88FD4 /* SettingViewController.swift in Sources */ = {isa = PBXBuildFile; fileRef = FA3ABDB1277F9FA300E88FD4 /* SettingViewController.swift */; };
		FA3ABDB4277F9FAA00E88FD4 /* TabViewController.swift in Sources */ = {isa = PBXBuildFile; fileRef = FA3ABDB3277F9FAA00E88FD4 /* TabViewController.swift */; };
		FA3ABDB6277F9FB400E88FD4 /* SOSNumbers.swift in Sources */ = {isa = PBXBuildFile; fileRef = FA3ABDB5277F9FB300E88FD4 /* SOSNumbers.swift */; };
		FA3ABDB8277F9FBB00E88FD4 /* Register.swift in Sources */ = {isa = PBXBuildFile; fileRef = FA3ABDB7277F9FBB00E88FD4 /* Register.swift */; };
		FA3ABDBA277F9FC200E88FD4 /* LogIn.swift in Sources */ = {isa = PBXBuildFile; fileRef = FA3ABDB9277F9FC200E88FD4 /* LogIn.swift */; };
		FA3ABDBC277F9FCE00E88FD4 /* Color.swift in Sources */ = {isa = PBXBuildFile; fileRef = FA3ABDBB277F9FCE00E88FD4 /* Color.swift */; };
		FA3ABDBE277F9FD700E88FD4 /* GradientView.swift in Sources */ = {isa = PBXBuildFile; fileRef = FA3ABDBD277F9FD700E88FD4 /* GradientView.swift */; };
		FA3ABDC0277F9FDE00E88FD4 /* Login&Register View.swift in Sources */ = {isa = PBXBuildFile; fileRef = FA3ABDBF277F9FDD00E88FD4 /* Login&Register View.swift */; };
		FA3C9907277F810D0052C0C1 /* AppDelegate.swift in Sources */ = {isa = PBXBuildFile; fileRef = FA3C9906277F810D0052C0C1 /* AppDelegate.swift */; };
		FA3C9909277F810D0052C0C1 /* SceneDelegate.swift in Sources */ = {isa = PBXBuildFile; fileRef = FA3C9908277F810D0052C0C1 /* SceneDelegate.swift */; };
		FA3C990B277F810D0052C0C1 /* ViewController.swift in Sources */ = {isa = PBXBuildFile; fileRef = FA3C990A277F810D0052C0C1 /* ViewController.swift */; };
		FA3C9910277F81170052C0C1 /* Assets.xcassets in Resources */ = {isa = PBXBuildFile; fileRef = FA3C990F277F81170052C0C1 /* Assets.xcassets */; };
		FA3C9913277F81170052C0C1 /* LaunchScreen.storyboard in Resources */ = {isa = PBXBuildFile; fileRef = FA3C9911277F81170052C0C1 /* LaunchScreen.storyboard */; };
		FA3C991B277F83750052C0C1 /* GoogleService-Info.plist in Resources */ = {isa = PBXBuildFile; fileRef = FA3C991A277F83750052C0C1 /* GoogleService-Info.plist */; };
/* End PBXBuildFile section */

/* Begin PBXFileReference section */
		28C4A630DBD175C30A18D680 /* Pods-Amneen.release.xcconfig */ = {isa = PBXFileReference; includeInIndex = 1; lastKnownFileType = text.xcconfig; name = "Pods-Amneen.release.xcconfig"; path = "Target Support Files/Pods-Amneen/Pods-Amneen.release.xcconfig"; sourceTree = "<group>"; };
		7B2F09203A560BB157F6DB21 /* Pods_Amneen.framework */ = {isa = PBXFileReference; explicitFileType = wrapper.framework; includeInIndex = 0; path = Pods_Amneen.framework; sourceTree = BUILT_PRODUCTS_DIR; };
		948C47789A76B2EBDC576C43 /* Pods-Amneen.debug.xcconfig */ = {isa = PBXFileReference; includeInIndex = 1; lastKnownFileType = text.xcconfig; name = "Pods-Amneen.debug.xcconfig"; path = "Target Support Files/Pods-Amneen/Pods-Amneen.debug.xcconfig"; sourceTree = "<group>"; };
		FA3ABD79277F9EA000E88FD4 /* Model.swift */ = {isa = PBXFileReference; fileEncoding = 4; lastKnownFileType = sourcecode.swift; path = Model.swift; sourceTree = "<group>"; };
		FA3ABD7B277F9EA900E88FD4 /* Cities.swift */ = {isa = PBXFileReference; fileEncoding = 4; lastKnownFileType = sourcecode.swift; path = Cities.swift; sourceTree = "<group>"; };
		FA3ABD7D277F9EB200E88FD4 /* Hotels.swift */ = {isa = PBXFileReference; fileEncoding = 4; lastKnownFileType = sourcecode.swift; path = Hotels.swift; sourceTree = "<group>"; };
		FA3ABD7F277F9EB900E88FD4 /* Renter.swift */ = {isa = PBXFileReference; fileEncoding = 4; lastKnownFileType = sourcecode.swift; path = Renter.swift; sourceTree = "<group>"; };
		FA3ABD81277F9EC100E88FD4 /* RenterInfo.swift */ = {isa = PBXFileReference; fileEncoding = 4; lastKnownFileType = sourcecode.swift; path = RenterInfo.swift; sourceTree = "<group>"; };
		FA3ABD83277F9EC900E88FD4 /* RenterService.swift */ = {isa = PBXFileReference; fileEncoding = 4; lastKnownFileType = sourcecode.swift; path = RenterService.swift; sourceTree = "<group>"; };
		FA3ABD85277F9EDF00E88FD4 /* NewRenter.swift */ = {isa = PBXFileReference; fileEncoding = 4; lastKnownFileType = sourcecode.swift; path = NewRenter.swift; sourceTree = "<group>"; };
		FA3ABD87277F9EEE00E88FD4 /* BannedRenters.swift */ = {isa = PBXFileReference; fileEncoding = 4; lastKnownFileType = sourcecode.swift; path = BannedRenters.swift; sourceTree = "<group>"; };
		FA3ABD89277F9EF600E88FD4 /* LeavingRenters.swift */ = {isa = PBXFileReference; fileEncoding = 4; lastKnownFileType = sourcecode.swift; path = LeavingRenters.swift; sourceTree = "<group>"; };
		FA3ABD8B277F9EFE00E88FD4 /* LeavingService.swift */ = {isa = PBXFileReference; fileEncoding = 4; lastKnownFileType = sourcecode.swift; path = LeavingService.swift; sourceTree = "<group>"; };
		FA3ABD8D277F9F0A00E88FD4 /* ReportService.swift */ = {isa = PBXFileReference; fileEncoding = 4; lastKnownFileType = sourcecode.swift; path = ReportService.swift; sourceTree = "<group>"; };
		FA3ABD8F277F9F1300E88FD4 /* ReportRenterService.swift */ = {isa = PBXFileReference; fileEncoding = 4; lastKnownFileType = sourcecode.swift; path = ReportRenterService.swift; sourceTree = "<group>"; };
		FA3ABD91277F9F1900E88FD4 /* Reports.swift */ = {isa = PBXFileReference; fileEncoding = 4; lastKnownFileType = sourcecode.swift; path = Reports.swift; sourceTree = "<group>"; };
		FA3ABD93277F9F2000E88FD4 /* ReportRenters.swift */ = {isa = PBXFileReference; fileEncoding = 4; lastKnownFileType = sourcecode.swift; path = ReportRenters.swift; sourceTree = "<group>"; };
		FA3ABD95277F9F2C00E88FD4 /* List.swift */ = {isa = PBXFileReference; fileEncoding = 4; lastKnownFileType = sourcecode.swift; path = List.swift; sourceTree = "<group>"; };
		FA3ABD97277F9F3400E88FD4 /* AddNewC.swift */ = {isa = PBXFileReference; fileEncoding = 4; lastKnownFileType = sourcecode.swift; path = AddNewC.swift; sourceTree = "<group>"; };
		FA3ABD99277F9F3B00E88FD4 /* ListService.swift */ = {isa = PBXFileReference; fileEncoding = 4; lastKnownFileType = sourcecode.swift; path = ListService.swift; sourceTree = "<group>"; };
		FA3ABD9B277F9F4700E88FD4 /* AppHInfo.swift */ = {isa = PBXFileReference; fileEncoding = 4; lastKnownFileType = sourcecode.swift; path = AppHInfo.swift; sourceTree = "<group>"; };
		FA3ABD9D277F9F4D00E88FD4 /* AppSInfo.swift */ = {isa = PBXFileReference; fileEncoding = 4; lastKnownFileType = sourcecode.swift; path = AppSInfo.swift; sourceTree = "<group>"; };
		FA3ABD9F277F9F5900E88FD4 /* AppUInfo.swift */ = {isa = PBXFileReference; fileEncoding = 4; lastKnownFileType = sourcecode.swift; path = AppUInfo.swift; sourceTree = "<group>"; };
		FA3ABDA1277F9F6300E88FD4 /* HotelContainer.swift */ = {isa = PBXFileReference; fileEncoding = 4; lastKnownFileType = sourcecode.swift; path = HotelContainer.swift; sourceTree = "<group>"; };
		FA3ABDA3277F9F6B00E88FD4 /* HotelMenu.swift */ = {isa = PBXFileReference; fileEncoding = 4; lastKnownFileType = sourcecode.swift; path = HotelMenu.swift; sourceTree = "<group>"; };
		FA3ABDA5277F9F7400E88FD4 /* HotelHome.swift */ = {isa = PBXFileReference; fileEncoding = 4; lastKnownFileType = sourcecode.swift; path = HotelHome.swift; sourceTree = "<group>"; };
		FA3ABDA7277F9F7C00E88FD4 /* SecurityContainer.swift */ = {isa = PBXFileReference; fileEncoding = 4; lastKnownFileType = sourcecode.swift; path = SecurityContainer.swift; sourceTree = "<group>"; };
		FA3ABDA9277F9F8200E88FD4 /* SecurityMenu.swift */ = {isa = PBXFileReference; fileEncoding = 4; lastKnownFileType = sourcecode.swift; path = SecurityMenu.swift; sourceTree = "<group>"; };
		FA3ABDAB277F9F8A00E88FD4 /* SecurityHome.swift */ = {isa = PBXFileReference; fileEncoding = 4; lastKnownFileType = sourcecode.swift; path = SecurityHome.swift; sourceTree = "<group>"; };
		FA3ABDAD277F9F9100E88FD4 /* Profile.swift */ = {isa = PBXFileReference; fileEncoding = 4; lastKnownFileType = sourcecode.swift; path = Profile.swift; sourceTree = "<group>"; };
		FA3ABDAF277F9F9B00E88FD4 /* CentersLocations.swift */ = {isa = PBXFileReference; fileEncoding = 4; lastKnownFileType = sourcecode.swift; path = CentersLocations.swift; sourceTree = "<group>"; };
		FA3ABDB1277F9FA300E88FD4 /* SettingViewController.swift */ = {isa = PBXFileReference; fileEncoding = 4; lastKnownFileType = sourcecode.swift; path = SettingViewController.swift; sourceTree = "<group>"; };
		FA3ABDB3277F9FAA00E88FD4 /* TabViewController.swift */ = {isa = PBXFileReference; fileEncoding = 4; lastKnownFileType = sourcecode.swift; path = TabViewController.swift; sourceTree = "<group>"; };
		FA3ABDB5277F9FB300E88FD4 /* SOSNumbers.swift */ = {isa = PBXFileReference; fileEncoding = 4; lastKnownFileType = sourcecode.swift; path = SOSNumbers.swift; sourceTree = "<group>"; };
		FA3ABDB7277F9FBB00E88FD4 /* Register.swift */ = {isa = PBXFileReference; fileEncoding = 4; lastKnownFileType = sourcecode.swift; path = Register.swift; sourceTree = "<group>"; };
		FA3ABDB9277F9FC200E88FD4 /* LogIn.swift */ = {isa = PBXFileReference; fileEncoding = 4; lastKnownFileType = sourcecode.swift; path = LogIn.swift; sourceTree = "<group>"; };
		FA3ABDBB277F9FCE00E88FD4 /* Color.swift */ = {isa = PBXFileReference; fileEncoding = 4; lastKnownFileType = sourcecode.swift; path = Color.swift; sourceTree = "<group>"; };
		FA3ABDBD277F9FD700E88FD4 /* GradientView.swift */ = {isa = PBXFileReference; fileEncoding = 4; lastKnownFileType = sourcecode.swift; path = GradientView.swift; sourceTree = "<group>"; };
		FA3ABDBF277F9FDD00E88FD4 /* Login&Register View.swift */ = {isa = PBXFileReference; fileEncoding = 4; lastKnownFileType = sourcecode.swift; path = "Login&Register View.swift"; sourceTree = "<group>"; };
		FA3C9903277F810D0052C0C1 /* Amneen.app */ = {isa = PBXFileReference; explicitFileType = wrapper.application; includeInIndex = 0; path = Amneen.app; sourceTree = BUILT_PRODUCTS_DIR; };
		FA3C9906277F810D0052C0C1 /* AppDelegate.swift */ = {isa = PBXFileReference; lastKnownFileType = sourcecode.swift; path = AppDelegate.swift; sourceTree = "<group>"; };
		FA3C9908277F810D0052C0C1 /* SceneDelegate.swift */ = {isa = PBXFileReference; lastKnownFileType = sourcecode.swift; path = SceneDelegate.swift; sourceTree = "<group>"; };
		FA3C990A277F810D0052C0C1 /* ViewController.swift */ = {isa = PBXFileReference; lastKnownFileType = sourcecode.swift; path = ViewController.swift; sourceTree = "<group>"; };
		FA3C990F277F81170052C0C1 /* Assets.xcassets */ = {isa = PBXFileReference; lastKnownFileType = folder.assetcatalog; path = Assets.xcassets; sourceTree = "<group>"; };
		FA3C9912277F81170052C0C1 /* Base */ = {isa = PBXFileReference; lastKnownFileType = file.storyboard; name = Base; path = Base.lproj/LaunchScreen.storyboard; sourceTree = "<group>"; };
		FA3C9914277F81170052C0C1 /* Info.plist */ = {isa = PBXFileReference; lastKnownFileType = text.plist.xml; path = Info.plist; sourceTree = "<group>"; };
		FA3C991A277F83750052C0C1 /* GoogleService-Info.plist */ = {isa = PBXFileReference; fileEncoding = 4; lastKnownFileType = text.plist.xml; path = "GoogleService-Info.plist"; sourceTree = "<group>"; };
/* End PBXFileReference section */

/* Begin PBXFrameworksBuildPhase section */
		FA3C9900277F810D0052C0C1 /* Frameworks */ = {
			isa = PBXFrameworksBuildPhase;
			buildActionMask = 2147483647;
			files = (
				E13A291D7D5EFD7A0B554EF1 /* Pods_Amneen.framework in Frameworks */,
			);
			runOnlyForDeploymentPostprocessing = 0;
		};
/* End PBXFrameworksBuildPhase section */

/* Begin PBXGroup section */
		0A6E7853930DE5A4BBB0720B /* Pods */ = {
			isa = PBXGroup;
			children = (
				948C47789A76B2EBDC576C43 /* Pods-Amneen.debug.xcconfig */,
				28C4A630DBD175C30A18D680 /* Pods-Amneen.release.xcconfig */,
			);
			path = Pods;
			sourceTree = "<group>";
		};
		C2DE9DA92A42D431A3F330C4 /* Frameworks */ = {
			isa = PBXGroup;
			children = (
				7B2F09203A560BB157F6DB21 /* Pods_Amneen.framework */,
			);
			name = Frameworks;
			sourceTree = "<group>";
		};
		FA3C98FA277F810D0052C0C1 = {
			isa = PBXGroup;
			children = (
				FA3C9905277F810D0052C0C1 /* Amneen */,
				FA3C9904277F810D0052C0C1 /* Products */,
				0A6E7853930DE5A4BBB0720B /* Pods */,
				C2DE9DA92A42D431A3F330C4 /* Frameworks */,
			);
			sourceTree = "<group>";
		};
		FA3C9904277F810D0052C0C1 /* Products */ = {
			isa = PBXGroup;
			children = (
				FA3C9903277F810D0052C0C1 /* Amneen.app */,
			);
			name = Products;
			sourceTree = "<group>";
		};
		FA3C9905277F810D0052C0C1 /* Amneen */ = {
			isa = PBXGroup;
			children = (
				FA3C9906277F810D0052C0C1 /* AppDelegate.swift */,
				FA3C9908277F810D0052C0C1 /* SceneDelegate.swift */,
				FA3C990A277F810D0052C0C1 /* ViewController.swift */,
				FA3ABD79277F9EA000E88FD4 /* Model.swift */,
				FA3ABD7B277F9EA900E88FD4 /* Cities.swift */,
				FA3ABD7D277F9EB200E88FD4 /* Hotels.swift */,
				FA3ABD7F277F9EB900E88FD4 /* Renter.swift */,
				FA3ABD81277F9EC100E88FD4 /* RenterInfo.swift */,
				FA3ABD83277F9EC900E88FD4 /* RenterService.swift */,
				FA3ABD85277F9EDF00E88FD4 /* NewRenter.swift */,
				FA3ABD87277F9EEE00E88FD4 /* BannedRenters.swift */,
				FA3ABD89277F9EF600E88FD4 /* LeavingRenters.swift */,
				FA3ABD8B277F9EFE00E88FD4 /* LeavingService.swift */,
				FA3ABD8D277F9F0A00E88FD4 /* ReportService.swift */,
				FA3ABD8F277F9F1300E88FD4 /* ReportRenterService.swift */,
				FA3ABD91277F9F1900E88FD4 /* Reports.swift */,
				FA3ABD93277F9F2000E88FD4 /* ReportRenters.swift */,
				FA3ABD95277F9F2C00E88FD4 /* List.swift */,
				FA3ABD97277F9F3400E88FD4 /* AddNewC.swift */,
				FA3ABD99277F9F3B00E88FD4 /* ListService.swift */,
				FA3ABD9B277F9F4700E88FD4 /* AppHInfo.swift */,
				FA3ABD9D277F9F4D00E88FD4 /* AppSInfo.swift */,
				FA3ABD9F277F9F5900E88FD4 /* AppUInfo.swift */,
				FA3ABDA1277F9F6300E88FD4 /* HotelContainer.swift */,
				FA3ABDA3277F9F6B00E88FD4 /* HotelMenu.swift */,
				FA3ABDA5277F9F7400E88FD4 /* HotelHome.swift */,
				FA3ABDA7277F9F7C00E88FD4 /* SecurityContainer.swift */,
				FA3ABDA9277F9F8200E88FD4 /* SecurityMenu.swift */,
				FA3ABDAB277F9F8A00E88FD4 /* SecurityHome.swift */,
				FA3ABDAD277F9F9100E88FD4 /* Profile.swift */,
				FA3ABDAF277F9F9B00E88FD4 /* CentersLocations.swift */,
				FA3ABDB1277F9FA300E88FD4 /* SettingViewController.swift */,
				FA3ABDB3277F9FAA00E88FD4 /* TabViewController.swift */,
				FA3ABDB5277F9FB300E88FD4 /* SOSNumbers.swift */,
				FA3ABDB7277F9FBB00E88FD4 /* Register.swift */,
				FA3ABDB9277F9FC200E88FD4 /* LogIn.swift */,
				FA3ABDBB277F9FCE00E88FD4 /* Color.swift */,
				FA3ABDBD277F9FD700E88FD4 /* GradientView.swift */,
				FA3ABDBF277F9FDD00E88FD4 /* Login&Register View.swift */,
				FA3C990F277F81170052C0C1 /* Assets.xcassets */,
				FA3C9911277F81170052C0C1 /* LaunchScreen.storyboard */,
				FA3C9914277F81170052C0C1 /* Info.plist */,
				FA3C991A277F83750052C0C1 /* GoogleService-Info.plist */,
			);
			path = Amneen;
			sourceTree = "<group>";
		};
/* End PBXGroup section */

/* Begin PBXNativeTarget section */
		FA3C9902277F810D0052C0C1 /* Amneen */ = {
			isa = PBXNativeTarget;
			buildConfigurationList = FA3C9917277F81170052C0C1 /* Build configuration list for PBXNativeTarget "Amneen" */;
			buildPhases = (
				A1410796F1813DA0CAC720D3 /* [CP] Check Pods Manifest.lock */,
				FA3C98FF277F810D0052C0C1 /* Sources */,
				FA3C9900277F810D0052C0C1 /* Frameworks */,
				FA3C9901277F810D0052C0C1 /* Resources */,
				4D3C70054A68CFCECD8D732B /* [CP] Embed Pods Frameworks */,
			);
			buildRules = (
			);
			dependencies = (
			);
			name = Amneen;
			productName = Amneen;
			productReference = FA3C9903277F810D0052C0C1 /* Amneen.app */;
			productType = "com.apple.product-type.application";
		};
/* End PBXNativeTarget section */

/* Begin PBXProject section */
		FA3C98FB277F810D0052C0C1 /* Project object */ = {
			isa = PBXProject;
			attributes = {
				BuildIndependentTargetsInParallel = 1;
				LastSwiftUpdateCheck = 1310;
				LastUpgradeCheck = 1310;
				TargetAttributes = {
					FA3C9902277F810D0052C0C1 = {
						CreatedOnToolsVersion = 13.1;
					};
				};
			};
			buildConfigurationList = FA3C98FE277F810D0052C0C1 /* Build configuration list for PBXProject "Amneen" */;
			compatibilityVersion = "Xcode 13.0";
			developmentRegion = en;
			hasScannedForEncodings = 0;
			knownRegions = (
				en,
				Base,
			);
			mainGroup = FA3C98FA277F810D0052C0C1;
			productRefGroup = FA3C9904277F810D0052C0C1 /* Products */;
			projectDirPath = "";
			projectRoot = "";
			targets = (
				FA3C9902277F810D0052C0C1 /* Amneen */,
			);
		};
/* End PBXProject section */

/* Begin PBXResourcesBuildPhase section */
		FA3C9901277F810D0052C0C1 /* Resources */ = {
			isa = PBXResourcesBuildPhase;
			buildActionMask = 2147483647;
			files = (
				FA3C9913277F81170052C0C1 /* LaunchScreen.storyboard in Resources */,
				FA3C9910277F81170052C0C1 /* Assets.xcassets in Resources */,
				FA3C991B277F83750052C0C1 /* GoogleService-Info.plist in Resources */,
			);
			runOnlyForDeploymentPostprocessing = 0;
		};
/* End PBXResourcesBuildPhase section */

/* Begin PBXShellScriptBuildPhase section */
		4D3C70054A68CFCECD8D732B /* [CP] Embed Pods Frameworks */ = {
			isa = PBXShellScriptBuildPhase;
			buildActionMask = 2147483647;
			files = (
			);
			inputFileListPaths = (
				"${PODS_ROOT}/Target Support Files/Pods-Amneen/Pods-Amneen-frameworks-${CONFIGURATION}-input-files.xcfilelist",
			);
			name = "[CP] Embed Pods Frameworks";
			outputFileListPaths = (
				"${PODS_ROOT}/Target Support Files/Pods-Amneen/Pods-Amneen-frameworks-${CONFIGURATION}-output-files.xcfilelist",
			);
			runOnlyForDeploymentPostprocessing = 0;
			shellPath = /bin/sh;
			shellScript = "\"${PODS_ROOT}/Target Support Files/Pods-Amneen/Pods-Amneen-frameworks.sh\"\n";
			showEnvVarsInLog = 0;
		};
		A1410796F1813DA0CAC720D3 /* [CP] Check Pods Manifest.lock */ = {
			isa = PBXShellScriptBuildPhase;
			buildActionMask = 2147483647;
			files = (
			);
			inputFileListPaths = (
			);
			inputPaths = (
				"${PODS_PODFILE_DIR_PATH}/Podfile.lock",
				"${PODS_ROOT}/Manifest.lock",
			);
			name = "[CP] Check Pods Manifest.lock";
			outputFileListPaths = (
			);
			outputPaths = (
				"$(DERIVED_FILE_DIR)/Pods-Amneen-checkManifestLockResult.txt",
			);
			runOnlyForDeploymentPostprocessing = 0;
			shellPath = /bin/sh;
			shellScript = "diff \"${PODS_PODFILE_DIR_PATH}/Podfile.lock\" \"${PODS_ROOT}/Manifest.lock\" > /dev/null\nif [ $? != 0 ] ; then\n    # print error to STDERR\n    echo \"error: The sandbox is not in sync with the Podfile.lock. Run 'pod install' or update your CocoaPods installation.\" >&2\n    exit 1\nfi\n# This output is used by Xcode 'outputs' to avoid re-running this script phase.\necho \"SUCCESS\" > \"${SCRIPT_OUTPUT_FILE_0}\"\n";
			showEnvVarsInLog = 0;
		};
/* End PBXShellScriptBuildPhase section */

/* Begin PBXSourcesBuildPhase section */
		FA3C98FF277F810D0052C0C1 /* Sources */ = {
			isa = PBXSourcesBuildPhase;
			buildActionMask = 2147483647;
			files = (
				FA3ABDBE277F9FD700E88FD4 /* GradientView.swift in Sources */,
				FA3ABD86277F9EDF00E88FD4 /* NewRenter.swift in Sources */,
				FA3ABDAE277F9F9200E88FD4 /* Profile.swift in Sources */,
				FA3ABD8E277F9F0B00E88FD4 /* ReportService.swift in Sources */,
				FA3ABD9C277F9F4700E88FD4 /* AppHInfo.swift in Sources */,
				FA3ABDB8277F9FBB00E88FD4 /* Register.swift in Sources */,
				FA3C990B277F810D0052C0C1 /* ViewController.swift in Sources */,
				FA3ABD90277F9F1300E88FD4 /* ReportRenterService.swift in Sources */,
				FA3ABDBA277F9FC200E88FD4 /* LogIn.swift in Sources */,
				FA3ABDB4277F9FAA00E88FD4 /* TabViewController.swift in Sources */,
				FA3ABDA6277F9F7400E88FD4 /* HotelHome.swift in Sources */,
				FA3ABDBC277F9FCE00E88FD4 /* Color.swift in Sources */,
				FA3ABDC0277F9FDE00E88FD4 /* Login&Register View.swift in Sources */,
				FA3ABD7C277F9EA900E88FD4 /* Cities.swift in Sources */,
				FA3ABD8C277F9EFF00E88FD4 /* LeavingService.swift in Sources */,
				FA3ABDA4277F9F6B00E88FD4 /* HotelMenu.swift in Sources */,
				FA3C9907277F810D0052C0C1 /* AppDelegate.swift in Sources */,
				FA3ABD92277F9F1900E88FD4 /* Reports.swift in Sources */,
				FA3ABD98277F9F3500E88FD4 /* AddNewC.swift in Sources */,
				FA3ABD94277F9F2000E88FD4 /* ReportRenters.swift in Sources */,
				FA3ABD8A277F9EF600E88FD4 /* LeavingRenters.swift in Sources */,
				FA3ABD88277F9EEF00E88FD4 /* BannedRenters.swift in Sources */,
				FA3ABDAC277F9F8B00E88FD4 /* SecurityHome.swift in Sources */,
				FA3C9909277F810D0052C0C1 /* SceneDelegate.swift in Sources */,
				FA3ABD7E277F9EB200E88FD4 /* Hotels.swift in Sources */,
				FA3ABDB2277F9FA400E88FD4 /* SettingViewController.swift in Sources */,
				FA3ABD80277F9EB900E88FD4 /* Renter.swift in Sources */,
				FA3ABDB0277F9F9B00E88FD4 /* CentersLocations.swift in Sources */,
				FA3ABDAA277F9F8200E88FD4 /* SecurityMenu.swift in Sources */,
				FA3ABD84277F9EC900E88FD4 /* RenterService.swift in Sources */,
				FA3ABD7A277F9EA100E88FD4 /* Model.swift in Sources */,
				FA3ABDB6277F9FB400E88FD4 /* SOSNumbers.swift in Sources */,
				FA3ABD9A277F9F3B00E88FD4 /* ListService.swift in Sources */,
				FA3ABD9E277F9F4E00E88FD4 /* AppSInfo.swift in Sources */,
				FA3ABDA8277F9F7D00E88FD4 /* SecurityContainer.swift in Sources */,
				FA3ABD82277F9EC200E88FD4 /* RenterInfo.swift in Sources */,
				FA3ABD96277F9F2C00E88FD4 /* List.swift in Sources */,
				FA3ABDA2277F9F6300E88FD4 /* HotelContainer.swift in Sources */,
				FA3ABDA0277F9F5A00E88FD4 /* AppUInfo.swift in Sources */,
			);
			runOnlyForDeploymentPostprocessing = 0;
		};
/* End PBXSourcesBuildPhase section */

/* Begin PBXVariantGroup section */
		FA3C9911277F81170052C0C1 /* LaunchScreen.storyboard */ = {
			isa = PBXVariantGroup;
			children = (
				FA3C9912277F81170052C0C1 /* Base */,
			);
			name = LaunchScreen.storyboard;
			sourceTree = "<group>";
		};
/* End PBXVariantGroup section */

/* Begin XCBuildConfiguration section */
		FA3C9915277F81170052C0C1 /* Debug */ = {
			isa = XCBuildConfiguration;
			buildSettings = {
				ALWAYS_SEARCH_USER_PATHS = NO;
				CLANG_ANALYZER_NONNULL = YES;
				CLANG_ANALYZER_NUMBER_OBJECT_CONVERSION = YES_AGGRESSIVE;
				CLANG_CXX_LANGUAGE_STANDARD = "gnu++17";
				CLANG_CXX_LIBRARY = "libc++";
				CLANG_ENABLE_MODULES = YES;
				CLANG_ENABLE_OBJC_ARC = YES;
				CLANG_ENABLE_OBJC_WEAK = YES;
				CLANG_WARN_BLOCK_CAPTURE_AUTORELEASING = YES;
				CLANG_WARN_BOOL_CONVERSION = YES;
				CLANG_WARN_COMMA = YES;
				CLANG_WARN_CONSTANT_CONVERSION = YES;
				CLANG_WARN_DEPRECATED_OBJC_IMPLEMENTATIONS = YES;
				CLANG_WARN_DIRECT_OBJC_ISA_USAGE = YES_ERROR;
				CLANG_WARN_DOCUMENTATION_COMMENTS = YES;
				CLANG_WARN_EMPTY_BODY = YES;
				CLANG_WARN_ENUM_CONVERSION = YES;
				CLANG_WARN_INFINITE_RECURSION = YES;
				CLANG_WARN_INT_CONVERSION = YES;
				CLANG_WARN_NON_LITERAL_NULL_CONVERSION = YES;
				CLANG_WARN_OBJC_IMPLICIT_RETAIN_SELF = YES;
				CLANG_WARN_OBJC_LITERAL_CONVERSION = YES;
				CLANG_WARN_OBJC_ROOT_CLASS = YES_ERROR;
				CLANG_WARN_QUOTED_INCLUDE_IN_FRAMEWORK_HEADER = YES;
				CLANG_WARN_RANGE_LOOP_ANALYSIS = YES;
				CLANG_WARN_STRICT_PROTOTYPES = YES;
				CLANG_WARN_SUSPICIOUS_MOVE = YES;
				CLANG_WARN_UNGUARDED_AVAILABILITY = YES_AGGRESSIVE;
				CLANG_WARN_UNREACHABLE_CODE = YES;
				CLANG_WARN__DUPLICATE_METHOD_MATCH = YES;
				COPY_PHASE_STRIP = NO;
				DEBUG_INFORMATION_FORMAT = dwarf;
				ENABLE_STRICT_OBJC_MSGSEND = YES;
				ENABLE_TESTABILITY = YES;
				GCC_C_LANGUAGE_STANDARD = gnu11;
				GCC_DYNAMIC_NO_PIC = NO;
				GCC_NO_COMMON_BLOCKS = YES;
				GCC_OPTIMIZATION_LEVEL = 0;
				GCC_PREPROCESSOR_DEFINITIONS = (
					"DEBUG=1",
					"$(inherited)",
				);
				GCC_WARN_64_TO_32_BIT_CONVERSION = YES;
				GCC_WARN_ABOUT_RETURN_TYPE = YES_ERROR;
				GCC_WARN_UNDECLARED_SELECTOR = YES;
				GCC_WARN_UNINITIALIZED_AUTOS = YES_AGGRESSIVE;
				GCC_WARN_UNUSED_FUNCTION = YES;
				GCC_WARN_UNUSED_VARIABLE = YES;
				IPHONEOS_DEPLOYMENT_TARGET = 15.0;
				MTL_ENABLE_DEBUG_INFO = INCLUDE_SOURCE;
				MTL_FAST_MATH = YES;
				ONLY_ACTIVE_ARCH = YES;
				SDKROOT = iphoneos;
				SWIFT_ACTIVE_COMPILATION_CONDITIONS = DEBUG;
				SWIFT_OPTIMIZATION_LEVEL = "-Onone";
			};
			name = Debug;
		};
		FA3C9916277F81170052C0C1 /* Release */ = {
			isa = XCBuildConfiguration;
			buildSettings = {
				ALWAYS_SEARCH_USER_PATHS = NO;
				CLANG_ANALYZER_NONNULL = YES;
				CLANG_ANALYZER_NUMBER_OBJECT_CONVERSION = YES_AGGRESSIVE;
				CLANG_CXX_LANGUAGE_STANDARD = "gnu++17";
				CLANG_CXX_LIBRARY = "libc++";
				CLANG_ENABLE_MODULES = YES;
				CLANG_ENABLE_OBJC_ARC = YES;
				CLANG_ENABLE_OBJC_WEAK = YES;
				CLANG_WARN_BLOCK_CAPTURE_AUTORELEASING = YES;
				CLANG_WARN_BOOL_CONVERSION = YES;
				CLANG_WARN_COMMA = YES;
				CLANG_WARN_CONSTANT_CONVERSION = YES;
				CLANG_WARN_DEPRECATED_OBJC_IMPLEMENTATIONS = YES;
				CLANG_WARN_DIRECT_OBJC_ISA_USAGE = YES_ERROR;
				CLANG_WARN_DOCUMENTATION_COMMENTS = YES;
				CLANG_WARN_EMPTY_BODY = YES;
				CLANG_WARN_ENUM_CONVERSION = YES;
				CLANG_WARN_INFINITE_RECURSION = YES;
				CLANG_WARN_INT_CONVERSION = YES;
				CLANG_WARN_NON_LITERAL_NULL_CONVERSION = YES;
				CLANG_WARN_OBJC_IMPLICIT_RETAIN_SELF = YES;
				CLANG_WARN_OBJC_LITERAL_CONVERSION = YES;
				CLANG_WARN_OBJC_ROOT_CLASS = YES_ERROR;
				CLANG_WARN_QUOTED_INCLUDE_IN_FRAMEWORK_HEADER = YES;
				CLANG_WARN_RANGE_LOOP_ANALYSIS = YES;
				CLANG_WARN_STRICT_PROTOTYPES = YES;
				CLANG_WARN_SUSPICIOUS_MOVE = YES;
				CLANG_WARN_UNGUARDED_AVAILABILITY = YES_AGGRESSIVE;
				CLANG_WARN_UNREACHABLE_CODE = YES;
				CLANG_WARN__DUPLICATE_METHOD_MATCH = YES;
				COPY_PHASE_STRIP = NO;
				DEBUG_INFORMATION_FORMAT = "dwarf-with-dsym";
				ENABLE_NS_ASSERTIONS = NO;
				ENABLE_STRICT_OBJC_MSGSEND = YES;
				GCC_C_LANGUAGE_STANDARD = gnu11;
				GCC_NO_COMMON_BLOCKS = YES;
				GCC_WARN_64_TO_32_BIT_CONVERSION = YES;
				GCC_WARN_ABOUT_RETURN_TYPE = YES_ERROR;
				GCC_WARN_UNDECLARED_SELECTOR = YES;
				GCC_WARN_UNINITIALIZED_AUTOS = YES_AGGRESSIVE;
				GCC_WARN_UNUSED_FUNCTION = YES;
				GCC_WARN_UNUSED_VARIABLE = YES;
				IPHONEOS_DEPLOYMENT_TARGET = 15.0;
				MTL_ENABLE_DEBUG_INFO = NO;
				MTL_FAST_MATH = YES;
				SDKROOT = iphoneos;
				SWIFT_COMPILATION_MODE = wholemodule;
				SWIFT_OPTIMIZATION_LEVEL = "-O";
				VALIDATE_PRODUCT = YES;
			};
			name = Release;
		};
		FA3C9918277F81170052C0C1 /* Debug */ = {
			isa = XCBuildConfiguration;
			baseConfigurationReference = 948C47789A76B2EBDC576C43 /* Pods-Amneen.debug.xcconfig */;
			buildSettings = {
				ASSETCATALOG_COMPILER_APPICON_NAME = AppIcon;
				ASSETCATALOG_COMPILER_GLOBAL_ACCENT_COLOR_NAME = AccentColor;
				CODE_SIGN_STYLE = Automatic;
				CURRENT_PROJECT_VERSION = 1;
				GENERATE_INFOPLIST_FILE = YES;
				INFOPLIST_FILE = Amneen/Info.plist;
				INFOPLIST_KEY_UIApplicationSupportsIndirectInputEvents = YES;
				INFOPLIST_KEY_UILaunchStoryboardName = LaunchScreen;
				INFOPLIST_KEY_UISupportedInterfaceOrientations_iPad = "UIInterfaceOrientationPortrait UIInterfaceOrientationPortraitUpsideDown UIInterfaceOrientationLandscapeLeft UIInterfaceOrientationLandscapeRight";
				INFOPLIST_KEY_UISupportedInterfaceOrientations_iPhone = "UIInterfaceOrientationPortrait UIInterfaceOrientationLandscapeLeft UIInterfaceOrientationLandscapeRight";
				LD_RUNPATH_SEARCH_PATHS = (
					"$(inherited)",
					"@executable_path/Frameworks",
				);
				MARKETING_VERSION = 1.0;
				PRODUCT_BUNDLE_IDENTIFIER = l.Amneen;
				PRODUCT_NAME = "$(TARGET_NAME)";
				SWIFT_EMIT_LOC_STRINGS = YES;
				SWIFT_VERSION = 5.0;
				TARGETED_DEVICE_FAMILY = "1,2";
			};
			name = Debug;
		};
		FA3C9919277F81170052C0C1 /* Release */ = {
			isa = XCBuildConfiguration;
			baseConfigurationReference = 28C4A630DBD175C30A18D680 /* Pods-Amneen.release.xcconfig */;
			buildSettings = {
				ASSETCATALOG_COMPILER_APPICON_NAME = AppIcon;
				ASSETCATALOG_COMPILER_GLOBAL_ACCENT_COLOR_NAME = AccentColor;
				CODE_SIGN_STYLE = Automatic;
				CURRENT_PROJECT_VERSION = 1;
				GENERATE_INFOPLIST_FILE = YES;
				INFOPLIST_FILE = Amneen/Info.plist;
				INFOPLIST_KEY_UIApplicationSupportsIndirectInputEvents = YES;
				INFOPLIST_KEY_UILaunchStoryboardName = LaunchScreen;
				INFOPLIST_KEY_UISupportedInterfaceOrientations_iPad = "UIInterfaceOrientationPortrait UIInterfaceOrientationPortraitUpsideDown UIInterfaceOrientationLandscapeLeft UIInterfaceOrientationLandscapeRight";
				INFOPLIST_KEY_UISupportedInterfaceOrientations_iPhone = "UIInterfaceOrientationPortrait UIInterfaceOrientationLandscapeLeft UIInterfaceOrientationLandscapeRight";
				LD_RUNPATH_SEARCH_PATHS = (
					"$(inherited)",
					"@executable_path/Frameworks",
				);
				MARKETING_VERSION = 1.0;
				PRODUCT_BUNDLE_IDENTIFIER = l.Amneen;
				PRODUCT_NAME = "$(TARGET_NAME)";
				SWIFT_EMIT_LOC_STRINGS = YES;
				SWIFT_VERSION = 5.0;
				TARGETED_DEVICE_FAMILY = "1,2";
			};
			name = Release;
		};
/* End XCBuildConfiguration section */

/* Begin XCConfigurationList section */
		FA3C98FE277F810D0052C0C1 /* Build configuration list for PBXProject "Amneen" */ = {
			isa = XCConfigurationList;
			buildConfigurations = (
				FA3C9915277F81170052C0C1 /* Debug */,
				FA3C9916277F81170052C0C1 /* Release */,
			);
			defaultConfigurationIsVisible = 0;
			defaultConfigurationName = Release;
		};
		FA3C9917277F81170052C0C1 /* Build configuration list for PBXNativeTarget "Amneen" */ = {
			isa = XCConfigurationList;
			buildConfigurations = (
				FA3C9918277F81170052C0C1 /* Debug */,
				FA3C9919277F81170052C0C1 /* Release */,
			);
			defaultConfigurationIsVisible = 0;
			defaultConfigurationName = Release;
		};
/* End XCConfigurationList section */
	};
	rootObject = FA3C98FB277F810D0052C0C1 /* Project object */;
}
